// !$*UTF8*$!
{
	archiveVersion = 1;
	classes = {
	};
	objectVersion = 56;
	objects = {

/* Begin PBXBuildFile section */
		2D0D620B29B5EED400C6BF7A /* AppDelegate.swift in Sources */ = {isa = PBXBuildFile; fileRef = 2D0D620A29B5EED400C6BF7A /* AppDelegate.swift */; };
		2D0D620D29B5EED400C6BF7A /* SceneDelegate.swift in Sources */ = {isa = PBXBuildFile; fileRef = 2D0D620C29B5EED400C6BF7A /* SceneDelegate.swift */; };
		2D0D620F29B5EED400C6BF7A /* TaskListViewController.swift in Sources */ = {isa = PBXBuildFile; fileRef = 2D0D620E29B5EED400C6BF7A /* TaskListViewController.swift */; };
		2D0D621229B5EED400C6BF7A /* Main.storyboard in Resources */ = {isa = PBXBuildFile; fileRef = 2D0D621029B5EED400C6BF7A /* Main.storyboard */; };
		2D0D621429B5EED400C6BF7A /* Assets.xcassets in Resources */ = {isa = PBXBuildFile; fileRef = 2D0D621329B5EED400C6BF7A /* Assets.xcassets */; };
		2D0D621729B5EED400C6BF7A /* LaunchScreen.storyboard in Resources */ = {isa = PBXBuildFile; fileRef = 2D0D621529B5EED400C6BF7A /* LaunchScreen.storyboard */; };
		2D0D622029B5F1F800C6BF7A /* AuditorListViewController.swift in Sources */ = {isa = PBXBuildFile; fileRef = 2D0D621F29B5F1F800C6BF7A /* AuditorListViewController.swift */; };
		2D0D622629B5F36E00C6BF7A /* ProfileViewController.swift in Sources */ = {isa = PBXBuildFile; fileRef = 2D0D622529B5F36E00C6BF7A /* ProfileViewController.swift */; };
		2D16B96E29D499D200AF10D5 /* SubtaskDetailTableViewController.swift in Sources */ = {isa = PBXBuildFile; fileRef = 2D16B96D29D499D200AF10D5 /* SubtaskDetailTableViewController.swift */; };
		2D16B97029D49A2300AF10D5 /* SubtaskTitleTableViewCell.swift in Sources */ = {isa = PBXBuildFile; fileRef = 2D16B96F29D49A2300AF10D5 /* SubtaskTitleTableViewCell.swift */; };
		2D16B97229D49A3D00AF10D5 /* SubtaskDetailTableViewCell.swift in Sources */ = {isa = PBXBuildFile; fileRef = 2D16B97129D49A3D00AF10D5 /* SubtaskDetailTableViewCell.swift */; };
		2D16B97529D571D500AF10D5 /* TaskNameTableViewCell.swift in Sources */ = {isa = PBXBuildFile; fileRef = 2D16B97429D571D500AF10D5 /* TaskNameTableViewCell.swift */; };
		2D16B97729D5732C00AF10D5 /* TaskDetail2TableViewController.swift in Sources */ = {isa = PBXBuildFile; fileRef = 2D16B97629D5732C00AF10D5 /* TaskDetail2TableViewController.swift */; };
		2D19A16129DF259E00068F4D /* GoogleService-Info.plist in Resources */ = {isa = PBXBuildFile; fileRef = 2D19A16029DF259E00068F4D /* GoogleService-Info.plist */; };
		2D24CC0E29B6F95F00756C8A /* TaskTableViewCell.swift in Sources */ = {isa = PBXBuildFile; fileRef = 2D24CC0D29B6F95F00756C8A /* TaskTableViewCell.swift */; };
		2D24CC1029B72D1C00756C8A /* AuditorDetailsModel.swift in Sources */ = {isa = PBXBuildFile; fileRef = 2D24CC0F29B72D1C00756C8A /* AuditorDetailsModel.swift */; };
		2D24CC1229B7313C00756C8A /* DistributorDetailsModel.swift in Sources */ = {isa = PBXBuildFile; fileRef = 2D24CC1129B7313C00756C8A /* DistributorDetailsModel.swift */; };
		2D24CC1429B731D100756C8A /* CompanyDetailsModel.swift in Sources */ = {isa = PBXBuildFile; fileRef = 2D24CC1329B731D100756C8A /* CompanyDetailsModel.swift */; };
		2D24CC1629B7322E00756C8A /* SubtaskModel.swift in Sources */ = {isa = PBXBuildFile; fileRef = 2D24CC1529B7322E00756C8A /* SubtaskModel.swift */; };
		2D24CC1829B7355D00756C8A /* ManagerDetailsModel.swift in Sources */ = {isa = PBXBuildFile; fileRef = 2D24CC1729B7355D00756C8A /* ManagerDetailsModel.swift */; };
		2DBFEB9329CC6B50001B5506 /* LoginScreenViewController.swift in Sources */ = {isa = PBXBuildFile; fileRef = 2DBFEB9229CC6B50001B5506 /* LoginScreenViewController.swift */; };
		2DBFEB9529CC6EE6001B5506 /* UITextFieldUnderlined.swift in Sources */ = {isa = PBXBuildFile; fileRef = 2DBFEB9429CC6EE6001B5506 /* UITextFieldUnderlined.swift */; };
		61C4F3336CE488F8A0D4335A /* Pods_Extinguish_New.framework in Frameworks */ = {isa = PBXBuildFile; fileRef = F422F72F31EAB168AD7D7ED8 /* Pods_Extinguish_New.framework */; };
		9C1A88C429B6F458006C5A7A /* DataModel.swift in Sources */ = {isa = PBXBuildFile; fileRef = 9C1A88C329B6F458006C5A7A /* DataModel.swift */; };
		9C1A88C629B6F4E0006C5A7A /* HexColorsExtension.swift in Sources */ = {isa = PBXBuildFile; fileRef = 9C1A88C529B6F4E0006C5A7A /* HexColorsExtension.swift */; };
		9C1A88C829B6F4FA006C5A7A /* PaddingLabel.swift in Sources */ = {isa = PBXBuildFile; fileRef = 9C1A88C729B6F4FA006C5A7A /* PaddingLabel.swift */; };
		9C1A88CA29B6F51C006C5A7A /* RoundCorners.swift in Sources */ = {isa = PBXBuildFile; fileRef = 9C1A88C929B6F51C006C5A7A /* RoundCorners.swift */; };
		9C1A88CE29B6F55D006C5A7A /* TaskDetailsModel.swift in Sources */ = {isa = PBXBuildFile; fileRef = 9C1A88CD29B6F55D006C5A7A /* TaskDetailsModel.swift */; };
		9C1A88D229B6F7B1006C5A7A /* AuditorListTableViewCell.swift in Sources */ = {isa = PBXBuildFile; fileRef = 9C1A88D129B6F7B1006C5A7A /* AuditorListTableViewCell.swift */; };
		9CD51E4F29CC6CEC00111FE4 /* AuditorDetailViewController.swift in Sources */ = {isa = PBXBuildFile; fileRef = 9CD51E4E29CC6CEC00111FE4 /* AuditorDetailViewController.swift */; };
/* End PBXBuildFile section */

/* Begin PBXFileReference section */
		2D0D620729B5EED400C6BF7A /* Extinguish-New.app */ = {isa = PBXFileReference; explicitFileType = wrapper.application; includeInIndex = 0; path = "Extinguish-New.app"; sourceTree = BUILT_PRODUCTS_DIR; };
		2D0D620A29B5EED400C6BF7A /* AppDelegate.swift */ = {isa = PBXFileReference; lastKnownFileType = sourcecode.swift; path = AppDelegate.swift; sourceTree = "<group>"; };
		2D0D620C29B5EED400C6BF7A /* SceneDelegate.swift */ = {isa = PBXFileReference; lastKnownFileType = sourcecode.swift; path = SceneDelegate.swift; sourceTree = "<group>"; };
		2D0D620E29B5EED400C6BF7A /* TaskListViewController.swift */ = {isa = PBXFileReference; lastKnownFileType = sourcecode.swift; path = TaskListViewController.swift; sourceTree = "<group>"; };
		2D0D621129B5EED400C6BF7A /* Base */ = {isa = PBXFileReference; lastKnownFileType = file.storyboard; name = Base; path = Base.lproj/Main.storyboard; sourceTree = "<group>"; };
		2D0D621329B5EED400C6BF7A /* Assets.xcassets */ = {isa = PBXFileReference; lastKnownFileType = folder.assetcatalog; path = Assets.xcassets; sourceTree = "<group>"; };
		2D0D621629B5EED400C6BF7A /* Base */ = {isa = PBXFileReference; lastKnownFileType = file.storyboard; name = Base; path = Base.lproj/LaunchScreen.storyboard; sourceTree = "<group>"; };
		2D0D621829B5EED400C6BF7A /* Info.plist */ = {isa = PBXFileReference; lastKnownFileType = text.plist.xml; path = Info.plist; sourceTree = "<group>"; };
		2D0D621F29B5F1F800C6BF7A /* AuditorListViewController.swift */ = {isa = PBXFileReference; lastKnownFileType = sourcecode.swift; path = AuditorListViewController.swift; sourceTree = "<group>"; };
		2D0D622529B5F36E00C6BF7A /* ProfileViewController.swift */ = {isa = PBXFileReference; lastKnownFileType = sourcecode.swift; path = ProfileViewController.swift; sourceTree = "<group>"; };
		2D16B96D29D499D200AF10D5 /* SubtaskDetailTableViewController.swift */ = {isa = PBXFileReference; lastKnownFileType = sourcecode.swift; path = SubtaskDetailTableViewController.swift; sourceTree = "<group>"; };
		2D16B96F29D49A2300AF10D5 /* SubtaskTitleTableViewCell.swift */ = {isa = PBXFileReference; lastKnownFileType = sourcecode.swift; path = SubtaskTitleTableViewCell.swift; sourceTree = "<group>"; };
		2D16B97129D49A3D00AF10D5 /* SubtaskDetailTableViewCell.swift */ = {isa = PBXFileReference; lastKnownFileType = sourcecode.swift; path = SubtaskDetailTableViewCell.swift; sourceTree = "<group>"; };
		2D16B97429D571D500AF10D5 /* TaskNameTableViewCell.swift */ = {isa = PBXFileReference; lastKnownFileType = sourcecode.swift; path = TaskNameTableViewCell.swift; sourceTree = "<group>"; };
		2D16B97629D5732C00AF10D5 /* TaskDetail2TableViewController.swift */ = {isa = PBXFileReference; lastKnownFileType = sourcecode.swift; path = TaskDetail2TableViewController.swift; sourceTree = "<group>"; };
		2D19A16029DF259E00068F4D /* GoogleService-Info.plist */ = {isa = PBXFileReference; fileEncoding = 4; lastKnownFileType = text.plist.xml; name = "GoogleService-Info.plist"; path = "../../../Codes/GoogleService-Info.plist"; sourceTree = "<group>"; };
		2D24CC0D29B6F95F00756C8A /* TaskTableViewCell.swift */ = {isa = PBXFileReference; lastKnownFileType = sourcecode.swift; path = TaskTableViewCell.swift; sourceTree = "<group>"; };
		2D24CC0F29B72D1C00756C8A /* AuditorDetailsModel.swift */ = {isa = PBXFileReference; lastKnownFileType = sourcecode.swift; path = AuditorDetailsModel.swift; sourceTree = "<group>"; };
		2D24CC1129B7313C00756C8A /* DistributorDetailsModel.swift */ = {isa = PBXFileReference; lastKnownFileType = sourcecode.swift; path = DistributorDetailsModel.swift; sourceTree = "<group>"; };
		2D24CC1329B731D100756C8A /* CompanyDetailsModel.swift */ = {isa = PBXFileReference; lastKnownFileType = sourcecode.swift; path = CompanyDetailsModel.swift; sourceTree = "<group>"; };
		2D24CC1529B7322E00756C8A /* SubtaskModel.swift */ = {isa = PBXFileReference; lastKnownFileType = sourcecode.swift; path = SubtaskModel.swift; sourceTree = "<group>"; };
		2D24CC1729B7355D00756C8A /* ManagerDetailsModel.swift */ = {isa = PBXFileReference; lastKnownFileType = sourcecode.swift; path = ManagerDetailsModel.swift; sourceTree = "<group>"; };
		2DBFEB9229CC6B50001B5506 /* LoginScreenViewController.swift */ = {isa = PBXFileReference; lastKnownFileType = sourcecode.swift; path = LoginScreenViewController.swift; sourceTree = "<group>"; };
		2DBFEB9429CC6EE6001B5506 /* UITextFieldUnderlined.swift */ = {isa = PBXFileReference; lastKnownFileType = sourcecode.swift; name = UITextFieldUnderlined.swift; path = "Extinguish-New/View Controllers/UITextFieldUnderlined.swift"; sourceTree = SOURCE_ROOT; };
		7FB58899D13ED4504120E0FC /* Pods-Extinguish-New.release.xcconfig */ = {isa = PBXFileReference; includeInIndex = 1; lastKnownFileType = text.xcconfig; name = "Pods-Extinguish-New.release.xcconfig"; path = "Target Support Files/Pods-Extinguish-New/Pods-Extinguish-New.release.xcconfig"; sourceTree = "<group>"; };
		95CB73C7A17822C6938B1747 /* Pods-Extinguish-New.debug.xcconfig */ = {isa = PBXFileReference; includeInIndex = 1; lastKnownFileType = text.xcconfig; name = "Pods-Extinguish-New.debug.xcconfig"; path = "Target Support Files/Pods-Extinguish-New/Pods-Extinguish-New.debug.xcconfig"; sourceTree = "<group>"; };
		9C1A88C329B6F458006C5A7A /* DataModel.swift */ = {isa = PBXFileReference; lastKnownFileType = sourcecode.swift; path = DataModel.swift; sourceTree = "<group>"; };
		9C1A88C529B6F4E0006C5A7A /* HexColorsExtension.swift */ = {isa = PBXFileReference; lastKnownFileType = sourcecode.swift; name = HexColorsExtension.swift; path = "Extinguish-New/Data/HexColorsExtension.swift"; sourceTree = SOURCE_ROOT; };
		9C1A88C729B6F4FA006C5A7A /* PaddingLabel.swift */ = {isa = PBXFileReference; lastKnownFileType = sourcecode.swift; name = PaddingLabel.swift; path = "Extinguish-New/Data/PaddingLabel.swift"; sourceTree = SOURCE_ROOT; };
		9C1A88C929B6F51C006C5A7A /* RoundCorners.swift */ = {isa = PBXFileReference; lastKnownFileType = sourcecode.swift; name = RoundCorners.swift; path = "Extinguish-New/Data/RoundCorners.swift"; sourceTree = SOURCE_ROOT; };
		9C1A88CD29B6F55D006C5A7A /* TaskDetailsModel.swift */ = {isa = PBXFileReference; lastKnownFileType = sourcecode.swift; name = TaskDetailsModel.swift; path = "Extinguish-New/Data/TaskDetailsModel.swift"; sourceTree = SOURCE_ROOT; };
		9C1A88D129B6F7B1006C5A7A /* AuditorListTableViewCell.swift */ = {isa = PBXFileReference; lastKnownFileType = sourcecode.swift; name = AuditorListTableViewCell.swift; path = "Extinguish-New/Data/AuditorListTableViewCell.swift"; sourceTree = SOURCE_ROOT; };
		9CD51E4E29CC6CEC00111FE4 /* AuditorDetailViewController.swift */ = {isa = PBXFileReference; lastKnownFileType = sourcecode.swift; path = AuditorDetailViewController.swift; sourceTree = "<group>"; };
		F422F72F31EAB168AD7D7ED8 /* Pods_Extinguish_New.framework */ = {isa = PBXFileReference; explicitFileType = wrapper.framework; includeInIndex = 0; path = Pods_Extinguish_New.framework; sourceTree = BUILT_PRODUCTS_DIR; };
/* End PBXFileReference section */

/* Begin PBXFrameworksBuildPhase section */
		2D0D620429B5EED400C6BF7A /* Frameworks */ = {
			isa = PBXFrameworksBuildPhase;
			buildActionMask = 2147483647;
			files = (
				61C4F3336CE488F8A0D4335A /* Pods_Extinguish_New.framework in Frameworks */,
			);
			runOnlyForDeploymentPostprocessing = 0;
		};
/* End PBXFrameworksBuildPhase section */

/* Begin PBXGroup section */
		2D0D61FE29B5EED400C6BF7A = {
			isa = PBXGroup;
			children = (
				2D0D620929B5EED400C6BF7A /* Extinguish-New */,
				2D0D620829B5EED400C6BF7A /* Products */,
				3962D8AEB55144939BDCE765 /* Pods */,
				9F9535597C4E7380D8C9FE59 /* Frameworks */,
			);
			sourceTree = "<group>";
		};
		2D0D620829B5EED400C6BF7A /* Products */ = {
			isa = PBXGroup;
			children = (
				2D0D620729B5EED400C6BF7A /* Extinguish-New.app */,
			);
			name = Products;
			sourceTree = "<group>";
		};
		2D0D620929B5EED400C6BF7A /* Extinguish-New */ = {
			isa = PBXGroup;
			children = (

				2D19A16029DF259E00068F4D /* GoogleService-Info.plist */,


				2D0D622429B5F28D00C6BF7A /* Extensions */,
				2D0D622329B5F27C00C6BF7A /* Views */,
				2D0D622229B5F24000C6BF7A /* Data */,
				2D0D622129B5F22400C6BF7A /* Models */,
				2D0D621E29B5F16100C6BF7A /* View Controllers */,
				2D0D620A29B5EED400C6BF7A /* AppDelegate.swift */,
				2D0D620C29B5EED400C6BF7A /* SceneDelegate.swift */,
				2D0D621029B5EED400C6BF7A /* Main.storyboard */,
				2D0D621329B5EED400C6BF7A /* Assets.xcassets */,
				2D0D621529B5EED400C6BF7A /* LaunchScreen.storyboard */,
				2D0D621829B5EED400C6BF7A /* Info.plist */,
			);
			path = "Extinguish-New";
			sourceTree = "<group>";
		};
		2D0D621E29B5F16100C6BF7A /* View Controllers */ = {
			isa = PBXGroup;
			children = (
				2D0D620E29B5EED400C6BF7A /* TaskListViewController.swift */,
				2D0D622529B5F36E00C6BF7A /* ProfileViewController.swift */,
				2D0D621F29B5F1F800C6BF7A /* AuditorListViewController.swift */,
				9CD51E4E29CC6CEC00111FE4 /* AuditorDetailViewController.swift */,
				2DBFEB9229CC6B50001B5506 /* LoginScreenViewController.swift */,
				2D16B96D29D499D200AF10D5 /* SubtaskDetailTableViewController.swift */,
				2D16B97629D5732C00AF10D5 /* TaskDetail2TableViewController.swift */,
			);
			path = "View Controllers";
			sourceTree = "<group>";
		};
		2D0D622129B5F22400C6BF7A /* Models */ = {
			isa = PBXGroup;
			children = (
				9C1A88CD29B6F55D006C5A7A /* TaskDetailsModel.swift */,
				2D24CC0F29B72D1C00756C8A /* AuditorDetailsModel.swift */,
				2D24CC1129B7313C00756C8A /* DistributorDetailsModel.swift */,
				2D24CC1329B731D100756C8A /* CompanyDetailsModel.swift */,
				2D24CC1529B7322E00756C8A /* SubtaskModel.swift */,
				2D24CC1729B7355D00756C8A /* ManagerDetailsModel.swift */,
			);
			path = Models;
			sourceTree = "<group>";
		};
		2D0D622229B5F24000C6BF7A /* Data */ = {
			isa = PBXGroup;
			children = (
				9C1A88C329B6F458006C5A7A /* DataModel.swift */,
			);
			path = Data;
			sourceTree = "<group>";
		};
		2D0D622329B5F27C00C6BF7A /* Views */ = {
			isa = PBXGroup;
			children = (
				2D16B97329D571A000AF10D5 /* TaskDetailCells */,
				2D24CC0D29B6F95F00756C8A /* TaskTableViewCell.swift */,
				9C1A88D129B6F7B1006C5A7A /* AuditorListTableViewCell.swift */,
				2D16B96F29D49A2300AF10D5 /* SubtaskTitleTableViewCell.swift */,
				2D16B97129D49A3D00AF10D5 /* SubtaskDetailTableViewCell.swift */,
			);
			path = Views;
			sourceTree = "<group>";
		};
		2D0D622429B5F28D00C6BF7A /* Extensions */ = {
			isa = PBXGroup;
			children = (
				9C1A88C529B6F4E0006C5A7A /* HexColorsExtension.swift */,
				9C1A88C729B6F4FA006C5A7A /* PaddingLabel.swift */,
				9C1A88C929B6F51C006C5A7A /* RoundCorners.swift */,
				2DBFEB9429CC6EE6001B5506 /* UITextFieldUnderlined.swift */,
			);
			path = Extensions;
			sourceTree = "<group>";
		};
		2D16B97329D571A000AF10D5 /* TaskDetailCells */ = {
			isa = PBXGroup;
			children = (
				2D16B97429D571D500AF10D5 /* TaskNameTableViewCell.swift */,
			);
			path = TaskDetailCells;
			sourceTree = "<group>";
		};
		3962D8AEB55144939BDCE765 /* Pods */ = {
			isa = PBXGroup;
			children = (
				95CB73C7A17822C6938B1747 /* Pods-Extinguish-New.debug.xcconfig */,
				7FB58899D13ED4504120E0FC /* Pods-Extinguish-New.release.xcconfig */,
			);
			name = Pods;
			path = Pods;
			sourceTree = "<group>";
		};
		9F9535597C4E7380D8C9FE59 /* Frameworks */ = {
			isa = PBXGroup;
			children = (
				F422F72F31EAB168AD7D7ED8 /* Pods_Extinguish_New.framework */,
			);
			name = Frameworks;
			sourceTree = "<group>";
		};
/* End PBXGroup section */

/* Begin PBXNativeTarget section */
		2D0D620629B5EED400C6BF7A /* Extinguish-New */ = {
			isa = PBXNativeTarget;
			buildConfigurationList = 2D0D621B29B5EED400C6BF7A /* Build configuration list for PBXNativeTarget "Extinguish-New" */;
			buildPhases = (
				9D3A1910698F2B49990BAE2B /* [CP] Check Pods Manifest.lock */,
				2D0D620329B5EED400C6BF7A /* Sources */,
				2D0D620429B5EED400C6BF7A /* Frameworks */,
				2D0D620529B5EED400C6BF7A /* Resources */,
				1629A730C4BBDBCE6EF79F96 /* [CP] Embed Pods Frameworks */,
			);
			buildRules = (
			);
			dependencies = (
			);
			name = "Extinguish-New";
			productName = "Extinguish-New";
			productReference = 2D0D620729B5EED400C6BF7A /* Extinguish-New.app */;
			productType = "com.apple.product-type.application";
		};
/* End PBXNativeTarget section */

/* Begin PBXProject section */
		2D0D61FF29B5EED400C6BF7A /* Project object */ = {
			isa = PBXProject;
			attributes = {
				BuildIndependentTargetsInParallel = 1;
				LastSwiftUpdateCheck = 1420;
				LastUpgradeCheck = 1420;
				TargetAttributes = {
					2D0D620629B5EED400C6BF7A = {
						CreatedOnToolsVersion = 14.2;
					};
				};
			};
			buildConfigurationList = 2D0D620229B5EED400C6BF7A /* Build configuration list for PBXProject "Extinguish-New" */;
			compatibilityVersion = "Xcode 14.0";
			developmentRegion = en;
			hasScannedForEncodings = 0;
			knownRegions = (
				en,
				Base,
			);
			mainGroup = 2D0D61FE29B5EED400C6BF7A;
			productRefGroup = 2D0D620829B5EED400C6BF7A /* Products */;
			projectDirPath = "";
			projectRoot = "";
			targets = (
				2D0D620629B5EED400C6BF7A /* Extinguish-New */,
			);
		};
/* End PBXProject section */

/* Begin PBXResourcesBuildPhase section */
		2D0D620529B5EED400C6BF7A /* Resources */ = {
			isa = PBXResourcesBuildPhase;
			buildActionMask = 2147483647;
			files = (
				2D0D621729B5EED400C6BF7A /* LaunchScreen.storyboard in Resources */,

				2D19A16129DF259E00068F4D /* GoogleService-Info.plist in Resources */,


				2D0D621429B5EED400C6BF7A /* Assets.xcassets in Resources */,
				2D0D621229B5EED400C6BF7A /* Main.storyboard in Resources */,
			);
			runOnlyForDeploymentPostprocessing = 0;
		};
/* End PBXResourcesBuildPhase section */

/* Begin PBXShellScriptBuildPhase section */
		1629A730C4BBDBCE6EF79F96 /* [CP] Embed Pods Frameworks */ = {
			isa = PBXShellScriptBuildPhase;
			buildActionMask = 2147483647;
			files = (
			);
			inputFileListPaths = (
				"${PODS_ROOT}/Target Support Files/Pods-Extinguish-New/Pods-Extinguish-New-frameworks-${CONFIGURATION}-input-files.xcfilelist",
			);
			name = "[CP] Embed Pods Frameworks";
			outputFileListPaths = (
				"${PODS_ROOT}/Target Support Files/Pods-Extinguish-New/Pods-Extinguish-New-frameworks-${CONFIGURATION}-output-files.xcfilelist",
			);
			runOnlyForDeploymentPostprocessing = 0;
			shellPath = /bin/sh;
			shellScript = "\"${PODS_ROOT}/Target Support Files/Pods-Extinguish-New/Pods-Extinguish-New-frameworks.sh\"\n";
			showEnvVarsInLog = 0;
		};
		9D3A1910698F2B49990BAE2B /* [CP] Check Pods Manifest.lock */ = {
			isa = PBXShellScriptBuildPhase;
			buildActionMask = 2147483647;
			files = (
			);
			inputFileListPaths = (
			);
			inputPaths = (
				"${PODS_PODFILE_DIR_PATH}/Podfile.lock",
				"${PODS_ROOT}/Manifest.lock",
			);
			name = "[CP] Check Pods Manifest.lock";
			outputFileListPaths = (
			);
			outputPaths = (
				"$(DERIVED_FILE_DIR)/Pods-Extinguish-New-checkManifestLockResult.txt",
			);
			runOnlyForDeploymentPostprocessing = 0;
			shellPath = /bin/sh;
			shellScript = "diff \"${PODS_PODFILE_DIR_PATH}/Podfile.lock\" \"${PODS_ROOT}/Manifest.lock\" > /dev/null\nif [ $? != 0 ] ; then\n    # print error to STDERR\n    echo \"error: The sandbox is not in sync with the Podfile.lock. Run 'pod install' or update your CocoaPods installation.\" >&2\n    exit 1\nfi\n# This output is used by Xcode 'outputs' to avoid re-running this script phase.\necho \"SUCCESS\" > \"${SCRIPT_OUTPUT_FILE_0}\"\n";
			showEnvVarsInLog = 0;
		};
/* End PBXShellScriptBuildPhase section */

/* Begin PBXSourcesBuildPhase section */
		2D0D620329B5EED400C6BF7A /* Sources */ = {
			isa = PBXSourcesBuildPhase;
			buildActionMask = 2147483647;
			files = (
				2D16B97029D49A2300AF10D5 /* SubtaskTitleTableViewCell.swift in Sources */,
				2D0D620F29B5EED400C6BF7A /* TaskListViewController.swift in Sources */,
				2D0D622029B5F1F800C6BF7A /* AuditorListViewController.swift in Sources */,
				2DBFEB9329CC6B50001B5506 /* LoginScreenViewController.swift in Sources */,
				2D16B97529D571D500AF10D5 /* TaskNameTableViewCell.swift in Sources */,
				2D24CC0E29B6F95F00756C8A /* TaskTableViewCell.swift in Sources */,
				2D16B97729D5732C00AF10D5 /* TaskDetail2TableViewController.swift in Sources */,
				2D0D622629B5F36E00C6BF7A /* ProfileViewController.swift in Sources */,
				2D0D620B29B5EED400C6BF7A /* AppDelegate.swift in Sources */,
				2D16B97229D49A3D00AF10D5 /* SubtaskDetailTableViewCell.swift in Sources */,
				2D16B96E29D499D200AF10D5 /* SubtaskDetailTableViewController.swift in Sources */,
				9C1A88C829B6F4FA006C5A7A /* PaddingLabel.swift in Sources */,
				2D24CC1229B7313C00756C8A /* DistributorDetailsModel.swift in Sources */,
				2DBFEB9529CC6EE6001B5506 /* UITextFieldUnderlined.swift in Sources */,
				2D0D620D29B5EED400C6BF7A /* SceneDelegate.swift in Sources */,
				9CD51E4F29CC6CEC00111FE4 /* AuditorDetailViewController.swift in Sources */,
				9C1A88C629B6F4E0006C5A7A /* HexColorsExtension.swift in Sources */,
				2D24CC1829B7355D00756C8A /* ManagerDetailsModel.swift in Sources */,
				9C1A88D229B6F7B1006C5A7A /* AuditorListTableViewCell.swift in Sources */,
				9C1A88CE29B6F55D006C5A7A /* TaskDetailsModel.swift in Sources */,
				2D24CC1629B7322E00756C8A /* SubtaskModel.swift in Sources */,
				9C1A88C429B6F458006C5A7A /* DataModel.swift in Sources */,
				2D24CC1029B72D1C00756C8A /* AuditorDetailsModel.swift in Sources */,
				2D24CC1429B731D100756C8A /* CompanyDetailsModel.swift in Sources */,
				9C1A88CA29B6F51C006C5A7A /* RoundCorners.swift in Sources */,
			);
			runOnlyForDeploymentPostprocessing = 0;
		};
/* End PBXSourcesBuildPhase section */

/* Begin PBXVariantGroup section */
		2D0D621029B5EED400C6BF7A /* Main.storyboard */ = {
			isa = PBXVariantGroup;
			children = (
				2D0D621129B5EED400C6BF7A /* Base */,
			);
			name = Main.storyboard;
			sourceTree = "<group>";
		};
		2D0D621529B5EED400C6BF7A /* LaunchScreen.storyboard */ = {
			isa = PBXVariantGroup;
			children = (
				2D0D621629B5EED400C6BF7A /* Base */,
			);
			name = LaunchScreen.storyboard;
			sourceTree = "<group>";
		};
/* End PBXVariantGroup section */

/* Begin XCBuildConfiguration section */
		2D0D621929B5EED400C6BF7A /* Debug */ = {
			isa = XCBuildConfiguration;
			buildSettings = {
				ALWAYS_SEARCH_USER_PATHS = NO;
				CLANG_ANALYZER_NONNULL = YES;
				CLANG_ANALYZER_NUMBER_OBJECT_CONVERSION = YES_AGGRESSIVE;
				CLANG_CXX_LANGUAGE_STANDARD = "gnu++20";
				CLANG_ENABLE_MODULES = YES;
				CLANG_ENABLE_OBJC_ARC = YES;
				CLANG_ENABLE_OBJC_WEAK = YES;
				CLANG_WARN_BLOCK_CAPTURE_AUTORELEASING = YES;
				CLANG_WARN_BOOL_CONVERSION = YES;
				CLANG_WARN_COMMA = YES;
				CLANG_WARN_CONSTANT_CONVERSION = YES;
				CLANG_WARN_DEPRECATED_OBJC_IMPLEMENTATIONS = YES;
				CLANG_WARN_DIRECT_OBJC_ISA_USAGE = YES_ERROR;
				CLANG_WARN_DOCUMENTATION_COMMENTS = YES;
				CLANG_WARN_EMPTY_BODY = YES;
				CLANG_WARN_ENUM_CONVERSION = YES;
				CLANG_WARN_INFINITE_RECURSION = YES;
				CLANG_WARN_INT_CONVERSION = YES;
				CLANG_WARN_NON_LITERAL_NULL_CONVERSION = YES;
				CLANG_WARN_OBJC_IMPLICIT_RETAIN_SELF = YES;
				CLANG_WARN_OBJC_LITERAL_CONVERSION = YES;
				CLANG_WARN_OBJC_ROOT_CLASS = YES_ERROR;
				CLANG_WARN_QUOTED_INCLUDE_IN_FRAMEWORK_HEADER = YES;
				CLANG_WARN_RANGE_LOOP_ANALYSIS = YES;
				CLANG_WARN_STRICT_PROTOTYPES = YES;
				CLANG_WARN_SUSPICIOUS_MOVE = YES;
				CLANG_WARN_UNGUARDED_AVAILABILITY = YES_AGGRESSIVE;
				CLANG_WARN_UNREACHABLE_CODE = YES;
				CLANG_WARN__DUPLICATE_METHOD_MATCH = YES;
				COPY_PHASE_STRIP = NO;
				DEBUG_INFORMATION_FORMAT = dwarf;
				ENABLE_STRICT_OBJC_MSGSEND = YES;
				ENABLE_TESTABILITY = YES;
				GCC_C_LANGUAGE_STANDARD = gnu11;
				GCC_DYNAMIC_NO_PIC = NO;
				GCC_NO_COMMON_BLOCKS = YES;
				GCC_OPTIMIZATION_LEVEL = 0;
				GCC_PREPROCESSOR_DEFINITIONS = (
					"DEBUG=1",
					"$(inherited)",
				);
				GCC_WARN_64_TO_32_BIT_CONVERSION = YES;
				GCC_WARN_ABOUT_RETURN_TYPE = YES_ERROR;
				GCC_WARN_UNDECLARED_SELECTOR = YES;
				GCC_WARN_UNINITIALIZED_AUTOS = YES_AGGRESSIVE;
				GCC_WARN_UNUSED_FUNCTION = YES;
				GCC_WARN_UNUSED_VARIABLE = YES;
				IPHONEOS_DEPLOYMENT_TARGET = 16.2;
				MTL_ENABLE_DEBUG_INFO = INCLUDE_SOURCE;
				MTL_FAST_MATH = YES;
				ONLY_ACTIVE_ARCH = YES;
				SDKROOT = iphoneos;
				SWIFT_ACTIVE_COMPILATION_CONDITIONS = DEBUG;
				SWIFT_OPTIMIZATION_LEVEL = "-Onone";
			};
			name = Debug;
		};
		2D0D621A29B5EED400C6BF7A /* Release */ = {
			isa = XCBuildConfiguration;
			buildSettings = {
				ALWAYS_SEARCH_USER_PATHS = NO;
				CLANG_ANALYZER_NONNULL = YES;
				CLANG_ANALYZER_NUMBER_OBJECT_CONVERSION = YES_AGGRESSIVE;
				CLANG_CXX_LANGUAGE_STANDARD = "gnu++20";
				CLANG_ENABLE_MODULES = YES;
				CLANG_ENABLE_OBJC_ARC = YES;
				CLANG_ENABLE_OBJC_WEAK = YES;
				CLANG_WARN_BLOCK_CAPTURE_AUTORELEASING = YES;
				CLANG_WARN_BOOL_CONVERSION = YES;
				CLANG_WARN_COMMA = YES;
				CLANG_WARN_CONSTANT_CONVERSION = YES;
				CLANG_WARN_DEPRECATED_OBJC_IMPLEMENTATIONS = YES;
				CLANG_WARN_DIRECT_OBJC_ISA_USAGE = YES_ERROR;
				CLANG_WARN_DOCUMENTATION_COMMENTS = YES;
				CLANG_WARN_EMPTY_BODY = YES;
				CLANG_WARN_ENUM_CONVERSION = YES;
				CLANG_WARN_INFINITE_RECURSION = YES;
				CLANG_WARN_INT_CONVERSION = YES;
				CLANG_WARN_NON_LITERAL_NULL_CONVERSION = YES;
				CLANG_WARN_OBJC_IMPLICIT_RETAIN_SELF = YES;
				CLANG_WARN_OBJC_LITERAL_CONVERSION = YES;
				CLANG_WARN_OBJC_ROOT_CLASS = YES_ERROR;
				CLANG_WARN_QUOTED_INCLUDE_IN_FRAMEWORK_HEADER = YES;
				CLANG_WARN_RANGE_LOOP_ANALYSIS = YES;
				CLANG_WARN_STRICT_PROTOTYPES = YES;
				CLANG_WARN_SUSPICIOUS_MOVE = YES;
				CLANG_WARN_UNGUARDED_AVAILABILITY = YES_AGGRESSIVE;
				CLANG_WARN_UNREACHABLE_CODE = YES;
				CLANG_WARN__DUPLICATE_METHOD_MATCH = YES;
				COPY_PHASE_STRIP = NO;
				DEBUG_INFORMATION_FORMAT = "dwarf-with-dsym";
				ENABLE_NS_ASSERTIONS = NO;
				ENABLE_STRICT_OBJC_MSGSEND = YES;
				GCC_C_LANGUAGE_STANDARD = gnu11;
				GCC_NO_COMMON_BLOCKS = YES;
				GCC_WARN_64_TO_32_BIT_CONVERSION = YES;
				GCC_WARN_ABOUT_RETURN_TYPE = YES_ERROR;
				GCC_WARN_UNDECLARED_SELECTOR = YES;
				GCC_WARN_UNINITIALIZED_AUTOS = YES_AGGRESSIVE;
				GCC_WARN_UNUSED_FUNCTION = YES;
				GCC_WARN_UNUSED_VARIABLE = YES;
				IPHONEOS_DEPLOYMENT_TARGET = 16.2;
				MTL_ENABLE_DEBUG_INFO = NO;
				MTL_FAST_MATH = YES;
				SDKROOT = iphoneos;
				SWIFT_COMPILATION_MODE = wholemodule;
				SWIFT_OPTIMIZATION_LEVEL = "-O";
				VALIDATE_PRODUCT = YES;
			};
			name = Release;
		};
		2D0D621C29B5EED400C6BF7A /* Debug */ = {
			isa = XCBuildConfiguration;
			baseConfigurationReference = 95CB73C7A17822C6938B1747 /* Pods-Extinguish-New.debug.xcconfig */;
			buildSettings = {
				ASSETCATALOG_COMPILER_APPICON_NAME = AppIcon;
				ASSETCATALOG_COMPILER_GLOBAL_ACCENT_COLOR_NAME = AccentColor;
				CODE_SIGN_STYLE = Automatic;
				CURRENT_PROJECT_VERSION = 1;
				DEVELOPMENT_TEAM = 24VQSR4D29;
				GENERATE_INFOPLIST_FILE = YES;
				INFOPLIST_FILE = "Extinguish-New/Info.plist";
				INFOPLIST_KEY_UIApplicationSupportsIndirectInputEvents = YES;
				INFOPLIST_KEY_UILaunchStoryboardName = LaunchScreen;
				INFOPLIST_KEY_UIMainStoryboardFile = Main;
				INFOPLIST_KEY_UISupportedInterfaceOrientations_iPad = "UIInterfaceOrientationPortrait UIInterfaceOrientationPortraitUpsideDown UIInterfaceOrientationLandscapeLeft UIInterfaceOrientationLandscapeRight";
				INFOPLIST_KEY_UISupportedInterfaceOrientations_iPhone = "UIInterfaceOrientationPortrait UIInterfaceOrientationLandscapeLeft UIInterfaceOrientationLandscapeRight";
				LD_RUNPATH_SEARCH_PATHS = (
					"$(inherited)",
					"@executable_path/Frameworks",
				);
				MARKETING_VERSION = 1.0;
				PRODUCT_BUNDLE_IDENTIFIER = "com.example.Extinguish-New";
				PRODUCT_NAME = "$(TARGET_NAME)";
				SWIFT_EMIT_LOC_STRINGS = YES;
				SWIFT_VERSION = 5.0;
				TARGETED_DEVICE_FAMILY = "1,2";
			};
			name = Debug;
		};
		2D0D621D29B5EED400C6BF7A /* Release */ = {
			isa = XCBuildConfiguration;
			baseConfigurationReference = 7FB58899D13ED4504120E0FC /* Pods-Extinguish-New.release.xcconfig */;
			buildSettings = {
				ASSETCATALOG_COMPILER_APPICON_NAME = AppIcon;
				ASSETCATALOG_COMPILER_GLOBAL_ACCENT_COLOR_NAME = AccentColor;
				CODE_SIGN_STYLE = Automatic;
				CURRENT_PROJECT_VERSION = 1;
				DEVELOPMENT_TEAM = 24VQSR4D29;
				GENERATE_INFOPLIST_FILE = YES;
				INFOPLIST_FILE = "Extinguish-New/Info.plist";
				INFOPLIST_KEY_UIApplicationSupportsIndirectInputEvents = YES;
				INFOPLIST_KEY_UILaunchStoryboardName = LaunchScreen;
				INFOPLIST_KEY_UIMainStoryboardFile = Main;
				INFOPLIST_KEY_UISupportedInterfaceOrientations_iPad = "UIInterfaceOrientationPortrait UIInterfaceOrientationPortraitUpsideDown UIInterfaceOrientationLandscapeLeft UIInterfaceOrientationLandscapeRight";
				INFOPLIST_KEY_UISupportedInterfaceOrientations_iPhone = "UIInterfaceOrientationPortrait UIInterfaceOrientationLandscapeLeft UIInterfaceOrientationLandscapeRight";
				LD_RUNPATH_SEARCH_PATHS = (
					"$(inherited)",
					"@executable_path/Frameworks",
				);
				MARKETING_VERSION = 1.0;
				PRODUCT_BUNDLE_IDENTIFIER = "com.example.Extinguish-New";
				PRODUCT_NAME = "$(TARGET_NAME)";
				SWIFT_EMIT_LOC_STRINGS = YES;
				SWIFT_VERSION = 5.0;
				TARGETED_DEVICE_FAMILY = "1,2";
			};
			name = Release;
		};
/* End XCBuildConfiguration section */

/* Begin XCConfigurationList section */
		2D0D620229B5EED400C6BF7A /* Build configuration list for PBXProject "Extinguish-New" */ = {
			isa = XCConfigurationList;
			buildConfigurations = (
				2D0D621929B5EED400C6BF7A /* Debug */,
				2D0D621A29B5EED400C6BF7A /* Release */,
			);
			defaultConfigurationIsVisible = 0;
			defaultConfigurationName = Release;
		};
		2D0D621B29B5EED400C6BF7A /* Build configuration list for PBXNativeTarget "Extinguish-New" */ = {
			isa = XCConfigurationList;
			buildConfigurations = (
				2D0D621C29B5EED400C6BF7A /* Debug */,
				2D0D621D29B5EED400C6BF7A /* Release */,
			);
			defaultConfigurationIsVisible = 0;
			defaultConfigurationName = Release;
		};
/* End XCConfigurationList section */
	};
	rootObject = 2D0D61FF29B5EED400C6BF7A /* Project object */;
}
